
Microsoft Visual Studio Solution File, Format Version 12.00
# Visual Studio Version 17
VisualStudioVersion = 17.4.32804.182
MinimumVisualStudioVersion = 10.0.40219.1
Project("{FAE04EC0-301F-11D3-BF4B-00C04F79EFBC}") = "PlanetDotnet", "PlanetDotnet\PlanetDotnet.csproj", "{AA1CF7A0-FF81-40FA-ABB2-519AF44C2460}"
EndProject
Project("{FAE04EC0-301F-11D3-BF4B-00C04F79EFBC}") = "PlanetDotnet.Tests.Unit", "PlanetDotnet.Tests.Unit\PlanetDotnet.Tests.Unit.csproj", "{ED070F5D-3C55-4E8F-B23A-381E09931D1C}"
EndProject
Project("{FAE04EC0-301F-11D3-BF4B-00C04F79EFBC}") = "PlanetDotnet.Authors", "PlanetDotnet.Authors\PlanetDotnet.Authors.csproj", "{0518A91D-95CA-4C21-BACF-E1E7E56D8754}"
EndProject
Global
	GlobalSection(SolutionConfigurationPlatforms) = preSolution
		Debug|Any CPU = Debug|Any CPU
		Release|Any CPU = Release|Any CPU
	EndGlobalSection
	GlobalSection(ProjectConfigurationPlatforms) = postSolution
		{AA1CF7A0-FF81-40FA-ABB2-519AF44C2460}.Debug|Any CPU.ActiveCfg = Debug|Any CPU
		{AA1CF7A0-FF81-40FA-ABB2-519AF44C2460}.Debug|Any CPU.Build.0 = Debug|Any CPU
		{AA1CF7A0-FF81-40FA-ABB2-519AF44C2460}.Release|Any CPU.ActiveCfg = Release|Any CPU
		{AA1CF7A0-FF81-40FA-ABB2-519AF44C2460}.Release|Any CPU.Build.0 = Release|Any CPU
		{ED070F5D-3C55-4E8F-B23A-381E09931D1C}.Debug|Any CPU.ActiveCfg = Debug|Any CPU
		{ED070F5D-3C55-4E8F-B23A-381E09931D1C}.Debug|Any CPU.Build.0 = Debug|Any CPU
		{ED070F5D-3C55-4E8F-B23A-381E09931D1C}.Release|Any CPU.ActiveCfg = Release|Any CPU
		{ED070F5D-3C55-4E8F-B23A-381E09931D1C}.Release|Any CPU.Build.0 = Release|Any CPU
		{0518A91D-95CA-4C21-BACF-E1E7E56D8754}.Debug|Any CPU.ActiveCfg = Debug|Any CPU
		{0518A91D-95CA-4C21-BACF-E1E7E56D8754}.Debug|Any CPU.Build.0 = Debug|Any CPU
		{0518A91D-95CA-4C21-BACF-E1E7E56D8754}.Release|Any CPU.ActiveCfg = Release|Any CPU
		{0518A91D-95CA-4C21-BACF-E1E7E56D8754}.Release|Any CPU.Build.0 = Release|Any CPU
	EndGlobalSection
	GlobalSection(SolutionProperties) = preSolution
		HideSolutionNode = FALSE
	EndGlobalSection
	GlobalSection(ExtensibilityGlobals) = postSolution
		SolutionGuid = {E14EAD9A-3E05-4B45-AFB6-E3E98BB88660}
	EndGlobalSection
EndGlobal
